
Microsoft Visual Studio Solution File, Format Version 12.00
# Visual Studio Version 17
VisualStudioVersion = 17.5.33414.496
MinimumVisualStudioVersion = 10.0.40219.1
Project("{9A19103F-16F7-4668-BE54-9A1E7A4F7556}") = "AppMktPlaceV2.Start.Api", "AppMktPlaceV2.Start\AppMktPlaceV2.Start.Api.csproj", "{A61D28CC-431E-4897-8C41-6698B01CC87B}"
EndProject
Project("{9A19103F-16F7-4668-BE54-9A1E7A4F7556}") = "AppMktPlaceV2.Start.Application", "AppMktPlaceV2.Start.Application\AppMktPlaceV2.Start.Application.csproj", "{33715CC1-2484-4AF4-93D0-F5662F5E8A7C}"
EndProject
Project("{9A19103F-16F7-4668-BE54-9A1E7A4F7556}") = "AppMktPlaceV2.Start.Domain", "AppMktPlaceV2.Start.Domain\AppMktPlaceV2.Start.Domain.csproj", "{1BD9101F-4490-4AC6-9469-F05FAF769D8E}"
EndProject
Project("{9A19103F-16F7-4668-BE54-9A1E7A4F7556}") = "AppMktPlaceV2.Start.Infrastructure", "AppMktPlaceV2.Start.Infrastructure\AppMktPlaceV2.Start.Infrastructure.csproj", "{F7D8BE26-181D-4D96-BCF1-708C838901E7}"
EndProject
Project("{9A19103F-16F7-4668-BE54-9A1E7A4F7556}") = "AppMktPlaceV2.Start.Test", "AppMktPlaceV2.Start.Test\AppMktPlaceV2.Start.Test.csproj", "{8705DF99-C5FB-4423-A14F-03E86C801D96}"
EndProject
Global
	GlobalSection(SolutionConfigurationPlatforms) = preSolution
		Debug|Any CPU = Debug|Any CPU
		Release|Any CPU = Release|Any CPU
	EndGlobalSection
	GlobalSection(ProjectConfigurationPlatforms) = postSolution
		{A61D28CC-431E-4897-8C41-6698B01CC87B}.Debug|Any CPU.ActiveCfg = Debug|Any CPU
		{A61D28CC-431E-4897-8C41-6698B01CC87B}.Debug|Any CPU.Build.0 = Debug|Any CPU
		{A61D28CC-431E-4897-8C41-6698B01CC87B}.Release|Any CPU.ActiveCfg = Release|Any CPU
		{A61D28CC-431E-4897-8C41-6698B01CC87B}.Release|Any CPU.Build.0 = Release|Any CPU
		{33715CC1-2484-4AF4-93D0-F5662F5E8A7C}.Debug|Any CPU.ActiveCfg = Debug|Any CPU
		{33715CC1-2484-4AF4-93D0-F5662F5E8A7C}.Debug|Any CPU.Build.0 = Debug|Any CPU
		{33715CC1-2484-4AF4-93D0-F5662F5E8A7C}.Release|Any CPU.ActiveCfg = Release|Any CPU
		{33715CC1-2484-4AF4-93D0-F5662F5E8A7C}.Release|Any CPU.Build.0 = Release|Any CPU
		{1BD9101F-4490-4AC6-9469-F05FAF769D8E}.Debug|Any CPU.ActiveCfg = Debug|Any CPU
		{1BD9101F-4490-4AC6-9469-F05FAF769D8E}.Debug|Any CPU.Build.0 = Debug|Any CPU
		{1BD9101F-4490-4AC6-9469-F05FAF769D8E}.Release|Any CPU.ActiveCfg = Release|Any CPU
		{1BD9101F-4490-4AC6-9469-F05FAF769D8E}.Release|Any CPU.Build.0 = Release|Any CPU
		{F7D8BE26-181D-4D96-BCF1-708C838901E7}.Debug|Any CPU.ActiveCfg = Debug|Any CPU
		{F7D8BE26-181D-4D96-BCF1-708C838901E7}.Debug|Any CPU.Build.0 = Debug|Any CPU
		{F7D8BE26-181D-4D96-BCF1-708C838901E7}.Release|Any CPU.ActiveCfg = Release|Any CPU
		{F7D8BE26-181D-4D96-BCF1-708C838901E7}.Release|Any CPU.Build.0 = Release|Any CPU
		{8705DF99-C5FB-4423-A14F-03E86C801D96}.Debug|Any CPU.ActiveCfg = Debug|Any CPU
		{8705DF99-C5FB-4423-A14F-03E86C801D96}.Debug|Any CPU.Build.0 = Debug|Any CPU
		{8705DF99-C5FB-4423-A14F-03E86C801D96}.Release|Any CPU.ActiveCfg = Release|Any CPU
		{8705DF99-C5FB-4423-A14F-03E86C801D96}.Release|Any CPU.Build.0 = Release|Any CPU
	EndGlobalSection
	GlobalSection(SolutionProperties) = preSolution
		HideSolutionNode = FALSE
	EndGlobalSection
	GlobalSection(ExtensibilityGlobals) = postSolution
		SolutionGuid = {50A53C6E-081A-4ED0-ABFC-44E072263646}
	EndGlobalSection
EndGlobal
